// !$*UTF8*$!
{
	archiveVersion = 1;
	classes = {
	};
	objectVersion = 56;
	objects = {

/* Begin PBXBuildFile section */
		3FAA95C92AA854A400075053 /* MyPageViewCell.swift in Sources */ = {isa = PBXBuildFile; fileRef = 3FAA95C82AA854A400075053 /* MyPageViewCell.swift */; };
		3FAA95CB2AA86CDC00075053 /* SearchViewController.swift in Sources */ = {isa = PBXBuildFile; fileRef = 3FAA95CA2AA86CDC00075053 /* SearchViewController.swift */; };
		3FF271D42AA597E7000A26F5 /* AppDelegate.swift in Sources */ = {isa = PBXBuildFile; fileRef = 3FF271D32AA597E7000A26F5 /* AppDelegate.swift */; };
		3FF271D62AA597E7000A26F5 /* SceneDelegate.swift in Sources */ = {isa = PBXBuildFile; fileRef = 3FF271D52AA597E7000A26F5 /* SceneDelegate.swift */; };
		3FF271DD2AA597E8000A26F5 /* Assets.xcassets in Resources */ = {isa = PBXBuildFile; fileRef = 3FF271DC2AA597E8000A26F5 /* Assets.xcassets */; };
		3FF271E02AA597E8000A26F5 /* LaunchScreen.storyboard in Resources */ = {isa = PBXBuildFile; fileRef = 3FF271DE2AA597E8000A26F5 /* LaunchScreen.storyboard */; };
		3FF271E82AA598C4000A26F5 /* HomeViewController.swift in Sources */ = {isa = PBXBuildFile; fileRef = 3FF271E72AA598C4000A26F5 /* HomeViewController.swift */; };
		3FF271EA2AA598DA000A26F5 /* MyPageViewController.swift in Sources */ = {isa = PBXBuildFile; fileRef = 3FF271E92AA598DA000A26F5 /* MyPageViewController.swift */; };
		3FF271EC2AA59D49000A26F5 /* LoginViewController.swift in Sources */ = {isa = PBXBuildFile; fileRef = 3FF271EB2AA59D49000A26F5 /* LoginViewController.swift */; };
		3FF271EF2AA59D65000A26F5 /* SignUpViewController.swift in Sources */ = {isa = PBXBuildFile; fileRef = 3FF271EE2AA59D65000A26F5 /* SignUpViewController.swift */; };
		3FF271F32AA59D96000A26F5 /* DetailPageViewController.swift in Sources */ = {isa = PBXBuildFile; fileRef = 3FF271F22AA59D96000A26F5 /* DetailPageViewController.swift */; };
		3FF271F52AA59DD6000A26F5 /* MyPageUserInfoViewController.swift in Sources */ = {isa = PBXBuildFile; fileRef = 3FF271F42AA59DD6000A26F5 /* MyPageUserInfoViewController.swift */; };
		3FF271F72AA59DE4000A26F5 /* MyPageFavoriteViewController.swift in Sources */ = {isa = PBXBuildFile; fileRef = 3FF271F62AA59DE4000A26F5 /* MyPageFavoriteViewController.swift */; };
		3FF271FB2AA59E10000A26F5 /* MyPageHistoryViewController.swift in Sources */ = {isa = PBXBuildFile; fileRef = 3FF271FA2AA59E10000A26F5 /* MyPageHistoryViewController.swift */; };
		3FF271FF2AA5A4A3000A26F5 /* User.swift in Sources */ = {isa = PBXBuildFile; fileRef = 3FF271FE2AA5A4A3000A26F5 /* User.swift */; };
		3FF272012AA5A622000A26F5 /* Video.swift in Sources */ = {isa = PBXBuildFile; fileRef = 3FF272002AA5A622000A26F5 /* Video.swift */; };
		3FF272032AA5A633000A26F5 /* Comment.swift in Sources */ = {isa = PBXBuildFile; fileRef = 3FF272022AA5A633000A26F5 /* Comment.swift */; };
		3FF272062AA5C683000A26F5 /* YouTubePlayerKit in Frameworks */ = {isa = PBXBuildFile; productRef = 3FF272052AA5C683000A26F5 /* YouTubePlayerKit */; };
		3FF272092AA5CC13000A26F5 /* HomeViewCell.swift in Sources */ = {isa = PBXBuildFile; fileRef = 3FF272082AA5CC13000A26F5 /* HomeViewCell.swift */; };
		3FF2720E2AA6C0AC000A26F5 /* Alamofire in Frameworks */ = {isa = PBXBuildFile; productRef = 3FF2720D2AA6C0AC000A26F5 /* Alamofire */; };
		3FF272102AA6C0F5000A26F5 /* API.swift in Sources */ = {isa = PBXBuildFile; fileRef = 3FF2720F2AA6C0F5000A26F5 /* API.swift */; };
		3FF272122AA6C233000A26F5 /* APIManager.swift in Sources */ = {isa = PBXBuildFile; fileRef = 3FF272112AA6C233000A26F5 /* APIManager.swift */; };
		DFC087E92AA830A7008C4818 /* UserManager.swift in Sources */ = {isa = PBXBuildFile; fileRef = DFC087E82AA830A7008C4818 /* UserManager.swift */; };
		F13DF5A52AA806CF002F638B /* And.swift in Sources */ = {isa = PBXBuildFile; fileRef = F13DF5A42AA806CF002F638B /* And.swift */; };
		F13DF5A72AA810D2002F638B /* CheckableButton.swift in Sources */ = {isa = PBXBuildFile; fileRef = F13DF5A62AA810D2002F638B /* CheckableButton.swift */; };
		F13DF5A92AA81D0A002F638B /* BackgroundChangableWhenTappedUIStackView.swift in Sources */ = {isa = PBXBuildFile; fileRef = F13DF5A82AA81D0A002F638B /* BackgroundChangableWhenTappedUIStackView.swift */; };
		F13DF5AB2AA85CE0002F638B /* TargetType.swift in Sources */ = {isa = PBXBuildFile; fileRef = F13DF5AA2AA85CE0002F638B /* TargetType.swift */; };
		F13DF5AD2AA85DE0002F638B /* YoutubeAPI.swift in Sources */ = {isa = PBXBuildFile; fileRef = F13DF5AC2AA85DE0002F638B /* YoutubeAPI.swift */; };
		F13DF5B02AA866E2002F638B /* VideoInformationSearchResponse.swift in Sources */ = {isa = PBXBuildFile; fileRef = F13DF5AF2AA866E2002F638B /* VideoInformationSearchResponse.swift */; };
		F13DF5B32AA869A0002F638B /* Data+.swift in Sources */ = {isa = PBXBuildFile; fileRef = F13DF5B22AA869A0002F638B /* Data+.swift */; };
		F13DF5B52AA88A97002F638B /* CommentThreadResponse.swift in Sources */ = {isa = PBXBuildFile; fileRef = F13DF5B42AA88A96002F638B /* CommentThreadResponse.swift */; };
		F13DF5B72AA88DE3002F638B /* CommentsListResponse.swift in Sources */ = {isa = PBXBuildFile; fileRef = F13DF5B62AA88DE3002F638B /* CommentsListResponse.swift */; };
		F14E09952AA8A15A001F8DA4 /* ChannelResponse.swift in Sources */ = {isa = PBXBuildFile; fileRef = F14E09942AA8A15A001F8DA4 /* ChannelResponse.swift */; };
		F1D1DCF52AA9D68200E2C501 /* ChannelInformation.swift in Sources */ = {isa = PBXBuildFile; fileRef = F1D1DCF42AA9D68200E2C501 /* ChannelInformation.swift */; };
		F1F5C16C2AA9BB9900448C0D /* VideoInforation.swift in Sources */ = {isa = PBXBuildFile; fileRef = F1F5C16B2AA9BB9900448C0D /* VideoInforation.swift */; };
		F1FA0FA32AA73CF300B5BC5A /* YoutubePlayer.html in Resources */ = {isa = PBXBuildFile; fileRef = F1FA0FA12AA73CF300B5BC5A /* YoutubePlayer.html */; };
		F1FA0FA42AA73CF300B5BC5A /* YoutubeView.swift in Sources */ = {isa = PBXBuildFile; fileRef = F1FA0FA22AA73CF300B5BC5A /* YoutubeView.swift */; };
/* End PBXBuildFile section */

/* Begin PBXFileReference section */
		3FAA95C82AA854A400075053 /* MyPageViewCell.swift */ = {isa = PBXFileReference; lastKnownFileType = sourcecode.swift; path = MyPageViewCell.swift; sourceTree = "<group>"; };
		3FAA95CA2AA86CDC00075053 /* SearchViewController.swift */ = {isa = PBXFileReference; lastKnownFileType = sourcecode.swift; path = SearchViewController.swift; sourceTree = "<group>"; };
		3FF271D02AA597E7000A26F5 /* Youfilx.app */ = {isa = PBXFileReference; explicitFileType = wrapper.application; includeInIndex = 0; path = Youfilx.app; sourceTree = BUILT_PRODUCTS_DIR; };
		3FF271D32AA597E7000A26F5 /* AppDelegate.swift */ = {isa = PBXFileReference; lastKnownFileType = sourcecode.swift; path = AppDelegate.swift; sourceTree = "<group>"; };
		3FF271D52AA597E7000A26F5 /* SceneDelegate.swift */ = {isa = PBXFileReference; lastKnownFileType = sourcecode.swift; path = SceneDelegate.swift; sourceTree = "<group>"; };
		3FF271DC2AA597E8000A26F5 /* Assets.xcassets */ = {isa = PBXFileReference; lastKnownFileType = folder.assetcatalog; path = Assets.xcassets; sourceTree = "<group>"; };
		3FF271DF2AA597E8000A26F5 /* Base */ = {isa = PBXFileReference; lastKnownFileType = file.storyboard; name = Base; path = Base.lproj/LaunchScreen.storyboard; sourceTree = "<group>"; };
		3FF271E12AA597E8000A26F5 /* Info.plist */ = {isa = PBXFileReference; lastKnownFileType = text.plist.xml; path = Info.plist; sourceTree = "<group>"; };
		3FF271E72AA598C4000A26F5 /* HomeViewController.swift */ = {isa = PBXFileReference; lastKnownFileType = sourcecode.swift; path = HomeViewController.swift; sourceTree = "<group>"; };
		3FF271E92AA598DA000A26F5 /* MyPageViewController.swift */ = {isa = PBXFileReference; lastKnownFileType = sourcecode.swift; path = MyPageViewController.swift; sourceTree = "<group>"; };
		3FF271EB2AA59D49000A26F5 /* LoginViewController.swift */ = {isa = PBXFileReference; lastKnownFileType = sourcecode.swift; path = LoginViewController.swift; sourceTree = "<group>"; };
		3FF271EE2AA59D65000A26F5 /* SignUpViewController.swift */ = {isa = PBXFileReference; lastKnownFileType = sourcecode.swift; path = SignUpViewController.swift; sourceTree = "<group>"; };
		3FF271F22AA59D96000A26F5 /* DetailPageViewController.swift */ = {isa = PBXFileReference; lastKnownFileType = sourcecode.swift; path = DetailPageViewController.swift; sourceTree = "<group>"; };
		3FF271F42AA59DD6000A26F5 /* MyPageUserInfoViewController.swift */ = {isa = PBXFileReference; lastKnownFileType = sourcecode.swift; path = MyPageUserInfoViewController.swift; sourceTree = "<group>"; };
		3FF271F62AA59DE4000A26F5 /* MyPageFavoriteViewController.swift */ = {isa = PBXFileReference; lastKnownFileType = sourcecode.swift; path = MyPageFavoriteViewController.swift; sourceTree = "<group>"; };
		3FF271FA2AA59E10000A26F5 /* MyPageHistoryViewController.swift */ = {isa = PBXFileReference; lastKnownFileType = sourcecode.swift; path = MyPageHistoryViewController.swift; sourceTree = "<group>"; };
		3FF271FE2AA5A4A3000A26F5 /* User.swift */ = {isa = PBXFileReference; lastKnownFileType = sourcecode.swift; path = User.swift; sourceTree = "<group>"; };
		3FF272002AA5A622000A26F5 /* Video.swift */ = {isa = PBXFileReference; lastKnownFileType = sourcecode.swift; path = Video.swift; sourceTree = "<group>"; };
		3FF272022AA5A633000A26F5 /* Comment.swift */ = {isa = PBXFileReference; lastKnownFileType = sourcecode.swift; path = Comment.swift; sourceTree = "<group>"; };
		3FF272082AA5CC13000A26F5 /* HomeViewCell.swift */ = {isa = PBXFileReference; lastKnownFileType = sourcecode.swift; path = HomeViewCell.swift; sourceTree = "<group>"; };
		3FF2720F2AA6C0F5000A26F5 /* API.swift */ = {isa = PBXFileReference; lastKnownFileType = sourcecode.swift; path = API.swift; sourceTree = "<group>"; };
		3FF272112AA6C233000A26F5 /* APIManager.swift */ = {isa = PBXFileReference; lastKnownFileType = sourcecode.swift; path = APIManager.swift; sourceTree = "<group>"; };
		DFC087E82AA830A7008C4818 /* UserManager.swift */ = {isa = PBXFileReference; lastKnownFileType = sourcecode.swift; path = UserManager.swift; sourceTree = "<group>"; };
		F13DF5A42AA806CF002F638B /* And.swift */ = {isa = PBXFileReference; lastKnownFileType = sourcecode.swift; path = And.swift; sourceTree = "<group>"; };
		F13DF5A62AA810D2002F638B /* CheckableButton.swift */ = {isa = PBXFileReference; lastKnownFileType = sourcecode.swift; path = CheckableButton.swift; sourceTree = "<group>"; };
		F13DF5A82AA81D0A002F638B /* BackgroundChangableWhenTappedUIStackView.swift */ = {isa = PBXFileReference; lastKnownFileType = sourcecode.swift; path = BackgroundChangableWhenTappedUIStackView.swift; sourceTree = "<group>"; };
		F13DF5AA2AA85CE0002F638B /* TargetType.swift */ = {isa = PBXFileReference; lastKnownFileType = sourcecode.swift; path = TargetType.swift; sourceTree = "<group>"; };
		F13DF5AC2AA85DE0002F638B /* YoutubeAPI.swift */ = {isa = PBXFileReference; lastKnownFileType = sourcecode.swift; path = YoutubeAPI.swift; sourceTree = "<group>"; };
		F13DF5AF2AA866E2002F638B /* VideoInformationSearchResponse.swift */ = {isa = PBXFileReference; lastKnownFileType = sourcecode.swift; path = VideoInformationSearchResponse.swift; sourceTree = "<group>"; };
		F13DF5B22AA869A0002F638B /* Data+.swift */ = {isa = PBXFileReference; lastKnownFileType = sourcecode.swift; path = "Data+.swift"; sourceTree = "<group>"; };
		F13DF5B42AA88A96002F638B /* CommentThreadResponse.swift */ = {isa = PBXFileReference; lastKnownFileType = sourcecode.swift; path = CommentThreadResponse.swift; sourceTree = "<group>"; };
		F13DF5B62AA88DE3002F638B /* CommentsListResponse.swift */ = {isa = PBXFileReference; lastKnownFileType = sourcecode.swift; path = CommentsListResponse.swift; sourceTree = "<group>"; };
		F14E09942AA8A15A001F8DA4 /* ChannelResponse.swift */ = {isa = PBXFileReference; lastKnownFileType = sourcecode.swift; path = ChannelResponse.swift; sourceTree = "<group>"; };
		F1D1DCF42AA9D68200E2C501 /* ChannelInformation.swift */ = {isa = PBXFileReference; lastKnownFileType = sourcecode.swift; path = ChannelInformation.swift; sourceTree = "<group>"; };
		F1F5C16B2AA9BB9900448C0D /* VideoInforation.swift */ = {isa = PBXFileReference; lastKnownFileType = sourcecode.swift; path = VideoInforation.swift; sourceTree = "<group>"; };
		F1FA0FA12AA73CF300B5BC5A /* YoutubePlayer.html */ = {isa = PBXFileReference; fileEncoding = 4; lastKnownFileType = text.html; path = YoutubePlayer.html; sourceTree = "<group>"; };
		F1FA0FA22AA73CF300B5BC5A /* YoutubeView.swift */ = {isa = PBXFileReference; fileEncoding = 4; lastKnownFileType = sourcecode.swift; path = YoutubeView.swift; sourceTree = "<group>"; };
/* End PBXFileReference section */

/* Begin PBXFrameworksBuildPhase section */
		3FF271CD2AA597E7000A26F5 /* Frameworks */ = {
			isa = PBXFrameworksBuildPhase;
			buildActionMask = 2147483647;
			files = (
				3FF272062AA5C683000A26F5 /* YouTubePlayerKit in Frameworks */,
				3FF2720E2AA6C0AC000A26F5 /* Alamofire in Frameworks */,
			);
			runOnlyForDeploymentPostprocessing = 0;
		};
/* End PBXFrameworksBuildPhase section */

/* Begin PBXGroup section */
		3FF271C72AA597E7000A26F5 = {
			isa = PBXGroup;
			children = (
				3FF271D22AA597E7000A26F5 /* Youfilx */,
				3FF271D12AA597E7000A26F5 /* Products */,
			);
			sourceTree = "<group>";
		};
		3FF271D12AA597E7000A26F5 /* Products */ = {
			isa = PBXGroup;
			children = (
				3FF271D02AA597E7000A26F5 /* Youfilx.app */,
			);
			name = Products;
			sourceTree = "<group>";
		};
		3FF271D22AA597E7000A26F5 /* Youfilx */ = {
			isa = PBXGroup;
			children = (
				F13DF5B12AA86993002F638B /* Extension */,
				F13DF5A32AA806B9002F638B /* Feature */,
				F1FA0F9F2AA73CF300B5BC5A /* View */,
				3FF271D32AA597E7000A26F5 /* AppDelegate.swift */,
				3FF271D52AA597E7000A26F5 /* SceneDelegate.swift */,
				3FF2720B2AA6C068000A26F5 /* API */,
				3FF271FD2AA5A48E000A26F5 /* Model */,
				3FF271FC2AA5A471000A26F5 /* ViewController */,
				3FF271DC2AA597E8000A26F5 /* Assets.xcassets */,
				3FF271DE2AA597E8000A26F5 /* LaunchScreen.storyboard */,
				3FF271E12AA597E8000A26F5 /* Info.plist */,
			);
			path = Youfilx;
			sourceTree = "<group>";
		};
		3FF271FC2AA5A471000A26F5 /* ViewController */ = {
			isa = PBXGroup;
			children = (
				3FF272072AA5CBE8000A26F5 /* Cell */,
				3FF271EB2AA59D49000A26F5 /* LoginViewController.swift */,
				3FF271EE2AA59D65000A26F5 /* SignUpViewController.swift */,
				3FF271E72AA598C4000A26F5 /* HomeViewController.swift */,
				3FAA95CA2AA86CDC00075053 /* SearchViewController.swift */,
				3FF271F22AA59D96000A26F5 /* DetailPageViewController.swift */,
				3FF271E92AA598DA000A26F5 /* MyPageViewController.swift */,
				3FF271F42AA59DD6000A26F5 /* MyPageUserInfoViewController.swift */,
				3FF271F62AA59DE4000A26F5 /* MyPageFavoriteViewController.swift */,
				3FF271FA2AA59E10000A26F5 /* MyPageHistoryViewController.swift */,
			);
			path = ViewController;
			sourceTree = "<group>";
		};
		3FF271FD2AA5A48E000A26F5 /* Model */ = {
			isa = PBXGroup;
			children = (
				F1F5C16A2AA9BB8B00448C0D /* Entity */,
				F13DF5AE2AA866CF002F638B /* DTO */,
				3FF271FE2AA5A4A3000A26F5 /* User.swift */,
				DFC087E82AA830A7008C4818 /* UserManager.swift */,
				3FF272002AA5A622000A26F5 /* Video.swift */,
				3FF272022AA5A633000A26F5 /* Comment.swift */,
			);
			path = Model;
			sourceTree = "<group>";
		};
		3FF272072AA5CBE8000A26F5 /* Cell */ = {
			isa = PBXGroup;
			children = (
				3FF272082AA5CC13000A26F5 /* HomeViewCell.swift */,
				3FAA95C82AA854A400075053 /* MyPageViewCell.swift */,
			);
			path = Cell;
			sourceTree = "<group>";
		};
		3FF2720B2AA6C068000A26F5 /* API */ = {
			isa = PBXGroup;
			children = (
				3FF2720F2AA6C0F5000A26F5 /* API.swift */,
				3FF272112AA6C233000A26F5 /* APIManager.swift */,
				F13DF5AA2AA85CE0002F638B /* TargetType.swift */,
				F13DF5AC2AA85DE0002F638B /* YoutubeAPI.swift */,
			);
			path = API;
			sourceTree = "<group>";
		};
		F13DF5A32AA806B9002F638B /* Feature */ = {
			isa = PBXGroup;
			children = (
				F13DF5A42AA806CF002F638B /* And.swift */,
			);
			path = Feature;
			sourceTree = "<group>";
		};
		F13DF5AE2AA866CF002F638B /* DTO */ = {
			isa = PBXGroup;
			children = (
				F13DF5AF2AA866E2002F638B /* VideoInformationSearchResponse.swift */,
				F13DF5B42AA88A96002F638B /* CommentThreadResponse.swift */,
				F13DF5B62AA88DE3002F638B /* CommentsListResponse.swift */,
				F14E09942AA8A15A001F8DA4 /* ChannelResponse.swift */,
			);
			path = DTO;
			sourceTree = "<group>";
		};
		F13DF5B12AA86993002F638B /* Extension */ = {
			isa = PBXGroup;
			children = (
				F13DF5B22AA869A0002F638B /* Data+.swift */,
			);
			path = Extension;
			sourceTree = "<group>";
		};
		F1F5C16A2AA9BB8B00448C0D /* Entity */ = {
			isa = PBXGroup;
			children = (
				F1F5C16B2AA9BB9900448C0D /* VideoInforation.swift */,
				F1D1DCF42AA9D68200E2C501 /* ChannelInformation.swift */,
			);
			path = Entity;
			sourceTree = "<group>";
		};
		F1FA0F9F2AA73CF300B5BC5A /* View */ = {
			isa = PBXGroup;
			children = (
				F1FA0FA02AA73CF300B5BC5A /* YoutubeView */,
				F13DF5A62AA810D2002F638B /* CheckableButton.swift */,
				F13DF5A82AA81D0A002F638B /* BackgroundChangableWhenTappedUIStackView.swift */,
			);
			name = View;
			path = ../../Youfilx/Youfilx/View;
			sourceTree = "<group>";
		};
		F1FA0FA02AA73CF300B5BC5A /* YoutubeView */ = {
			isa = PBXGroup;
			children = (
				F1FA0FA12AA73CF300B5BC5A /* YoutubePlayer.html */,
				F1FA0FA22AA73CF300B5BC5A /* YoutubeView.swift */,
			);
			path = YoutubeView;
			sourceTree = "<group>";
		};
/* End PBXGroup section */

/* Begin PBXNativeTarget section */
		3FF271CF2AA597E7000A26F5 /* Youfilx */ = {
			isa = PBXNativeTarget;
			buildConfigurationList = 3FF271E42AA597E8000A26F5 /* Build configuration list for PBXNativeTarget "Youfilx" */;
			buildPhases = (
				3FF271CC2AA597E7000A26F5 /* Sources */,
				3FF271CD2AA597E7000A26F5 /* Frameworks */,
				3FF271CE2AA597E7000A26F5 /* Resources */,
			);
			buildRules = (
			);
			dependencies = (
			);
			name = Youfilx;
			packageProductDependencies = (
				3FF272052AA5C683000A26F5 /* YouTubePlayerKit */,
				3FF2720D2AA6C0AC000A26F5 /* Alamofire */,
			);
			productName = Youfilx;
			productReference = 3FF271D02AA597E7000A26F5 /* Youfilx.app */;
			productType = "com.apple.product-type.application";
		};
/* End PBXNativeTarget section */

/* Begin PBXProject section */
		3FF271C82AA597E7000A26F5 /* Project object */ = {
			isa = PBXProject;
			attributes = {
				BuildIndependentTargetsInParallel = 1;
				LastSwiftUpdateCheck = 1430;
				LastUpgradeCheck = 1430;
				TargetAttributes = {
					3FF271CF2AA597E7000A26F5 = {
						CreatedOnToolsVersion = 14.3.1;
					};
				};
			};
			buildConfigurationList = 3FF271CB2AA597E7000A26F5 /* Build configuration list for PBXProject "Youfilx" */;
			compatibilityVersion = "Xcode 14.0";
			developmentRegion = en;
			hasScannedForEncodings = 0;
			knownRegions = (
				en,
				Base,
			);
			mainGroup = 3FF271C72AA597E7000A26F5;
			packageReferences = (
				3FF272042AA5C683000A26F5 /* XCRemoteSwiftPackageReference "YouTubePlayerKit" */,
				3FF2720C2AA6C0AC000A26F5 /* XCRemoteSwiftPackageReference "Alamofire" */,
			);
			productRefGroup = 3FF271D12AA597E7000A26F5 /* Products */;
			projectDirPath = "";
			projectRoot = "";
			targets = (
				3FF271CF2AA597E7000A26F5 /* Youfilx */,
			);
		};
/* End PBXProject section */

/* Begin PBXResourcesBuildPhase section */
		3FF271CE2AA597E7000A26F5 /* Resources */ = {
			isa = PBXResourcesBuildPhase;
			buildActionMask = 2147483647;
			files = (
				F1FA0FA32AA73CF300B5BC5A /* YoutubePlayer.html in Resources */,
				3FF271E02AA597E8000A26F5 /* LaunchScreen.storyboard in Resources */,
				3FF271DD2AA597E8000A26F5 /* Assets.xcassets in Resources */,
			);
			runOnlyForDeploymentPostprocessing = 0;
		};
/* End PBXResourcesBuildPhase section */

/* Begin PBXSourcesBuildPhase section */
		3FF271CC2AA597E7000A26F5 /* Sources */ = {
			isa = PBXSourcesBuildPhase;
			buildActionMask = 2147483647;
			files = (
				F14E09952AA8A15A001F8DA4 /* ChannelResponse.swift in Sources */,
				DFC087E92AA830A7008C4818 /* UserManager.swift in Sources */,
				F13DF5A72AA810D2002F638B /* CheckableButton.swift in Sources */,
				F1F5C16C2AA9BB9900448C0D /* VideoInforation.swift in Sources */,
				3FF272122AA6C233000A26F5 /* APIManager.swift in Sources */,
				3FF271EF2AA59D65000A26F5 /* SignUpViewController.swift in Sources */,
				F13DF5B32AA869A0002F638B /* Data+.swift in Sources */,
				3FF272012AA5A622000A26F5 /* Video.swift in Sources */,
				3FF271EA2AA598DA000A26F5 /* MyPageViewController.swift in Sources */,
				3FAA95CB2AA86CDC00075053 /* SearchViewController.swift in Sources */,
				3FF271F72AA59DE4000A26F5 /* MyPageFavoriteViewController.swift in Sources */,
				F13DF5AB2AA85CE0002F638B /* TargetType.swift in Sources */,
				3FF272102AA6C0F5000A26F5 /* API.swift in Sources */,
				3FF271F52AA59DD6000A26F5 /* MyPageUserInfoViewController.swift in Sources */,
				3FAA95C92AA854A400075053 /* MyPageViewCell.swift in Sources */,
				3FF271D42AA597E7000A26F5 /* AppDelegate.swift in Sources */,
				F1FA0FA42AA73CF300B5BC5A /* YoutubeView.swift in Sources */,
				F13DF5B02AA866E2002F638B /* VideoInformationSearchResponse.swift in Sources */,
				F1D1DCF52AA9D68200E2C501 /* ChannelInformation.swift in Sources */,
				F13DF5B52AA88A97002F638B /* CommentThreadResponse.swift in Sources */,
				F13DF5B72AA88DE3002F638B /* CommentsListResponse.swift in Sources */,
				F13DF5A52AA806CF002F638B /* And.swift in Sources */,
				3FF271D62AA597E7000A26F5 /* SceneDelegate.swift in Sources */,
				3FF271FB2AA59E10000A26F5 /* MyPageHistoryViewController.swift in Sources */,
				F13DF5AD2AA85DE0002F638B /* YoutubeAPI.swift in Sources */,
				F13DF5A92AA81D0A002F638B /* BackgroundChangableWhenTappedUIStackView.swift in Sources */,
				3FF272032AA5A633000A26F5 /* Comment.swift in Sources */,
				3FF272092AA5CC13000A26F5 /* HomeViewCell.swift in Sources */,
				3FF271F32AA59D96000A26F5 /* DetailPageViewController.swift in Sources */,
				3FF271EC2AA59D49000A26F5 /* LoginViewController.swift in Sources */,
				3FF271E82AA598C4000A26F5 /* HomeViewController.swift in Sources */,
				3FF271FF2AA5A4A3000A26F5 /* User.swift in Sources */,
			);
			runOnlyForDeploymentPostprocessing = 0;
		};
/* End PBXSourcesBuildPhase section */

/* Begin PBXVariantGroup section */
		3FF271DE2AA597E8000A26F5 /* LaunchScreen.storyboard */ = {
			isa = PBXVariantGroup;
			children = (
				3FF271DF2AA597E8000A26F5 /* Base */,
			);
			name = LaunchScreen.storyboard;
			sourceTree = "<group>";
		};
/* End PBXVariantGroup section */

/* Begin XCBuildConfiguration section */
		3FF271E22AA597E8000A26F5 /* Debug */ = {
			isa = XCBuildConfiguration;
			buildSettings = {
				ALWAYS_SEARCH_USER_PATHS = NO;
				CLANG_ANALYZER_NONNULL = YES;
				CLANG_ANALYZER_NUMBER_OBJECT_CONVERSION = YES_AGGRESSIVE;
				CLANG_CXX_LANGUAGE_STANDARD = "gnu++20";
				CLANG_ENABLE_MODULES = YES;
				CLANG_ENABLE_OBJC_ARC = YES;
				CLANG_ENABLE_OBJC_WEAK = YES;
				CLANG_WARN_BLOCK_CAPTURE_AUTORELEASING = YES;
				CLANG_WARN_BOOL_CONVERSION = YES;
				CLANG_WARN_COMMA = YES;
				CLANG_WARN_CONSTANT_CONVERSION = YES;
				CLANG_WARN_DEPRECATED_OBJC_IMPLEMENTATIONS = YES;
				CLANG_WARN_DIRECT_OBJC_ISA_USAGE = YES_ERROR;
				CLANG_WARN_DOCUMENTATION_COMMENTS = YES;
				CLANG_WARN_EMPTY_BODY = YES;
				CLANG_WARN_ENUM_CONVERSION = YES;
				CLANG_WARN_INFINITE_RECURSION = YES;
				CLANG_WARN_INT_CONVERSION = YES;
				CLANG_WARN_NON_LITERAL_NULL_CONVERSION = YES;
				CLANG_WARN_OBJC_IMPLICIT_RETAIN_SELF = YES;
				CLANG_WARN_OBJC_LITERAL_CONVERSION = YES;
				CLANG_WARN_OBJC_ROOT_CLASS = YES_ERROR;
				CLANG_WARN_QUOTED_INCLUDE_IN_FRAMEWORK_HEADER = YES;
				CLANG_WARN_RANGE_LOOP_ANALYSIS = YES;
				CLANG_WARN_STRICT_PROTOTYPES = YES;
				CLANG_WARN_SUSPICIOUS_MOVE = YES;
				CLANG_WARN_UNGUARDED_AVAILABILITY = YES_AGGRESSIVE;
				CLANG_WARN_UNREACHABLE_CODE = YES;
				CLANG_WARN__DUPLICATE_METHOD_MATCH = YES;
				COPY_PHASE_STRIP = NO;
				DEBUG_INFORMATION_FORMAT = dwarf;
				ENABLE_STRICT_OBJC_MSGSEND = YES;
				ENABLE_TESTABILITY = YES;
				GCC_C_LANGUAGE_STANDARD = gnu11;
				GCC_DYNAMIC_NO_PIC = NO;
				GCC_NO_COMMON_BLOCKS = YES;
				GCC_OPTIMIZATION_LEVEL = 0;
				GCC_PREPROCESSOR_DEFINITIONS = (
					"DEBUG=1",
					"$(inherited)",
				);
				GCC_WARN_64_TO_32_BIT_CONVERSION = YES;
				GCC_WARN_ABOUT_RETURN_TYPE = YES_ERROR;
				GCC_WARN_UNDECLARED_SELECTOR = YES;
				GCC_WARN_UNINITIALIZED_AUTOS = YES_AGGRESSIVE;
				GCC_WARN_UNUSED_FUNCTION = YES;
				GCC_WARN_UNUSED_VARIABLE = YES;
				IPHONEOS_DEPLOYMENT_TARGET = 15.0;
				MTL_ENABLE_DEBUG_INFO = INCLUDE_SOURCE;
				MTL_FAST_MATH = YES;
				ONLY_ACTIVE_ARCH = YES;
				SDKROOT = iphoneos;
				SWIFT_ACTIVE_COMPILATION_CONDITIONS = DEBUG;
				SWIFT_OPTIMIZATION_LEVEL = "-Onone";
			};
			name = Debug;
		};
		3FF271E32AA597E8000A26F5 /* Release */ = {
			isa = XCBuildConfiguration;
			buildSettings = {
				ALWAYS_SEARCH_USER_PATHS = NO;
				CLANG_ANALYZER_NONNULL = YES;
				CLANG_ANALYZER_NUMBER_OBJECT_CONVERSION = YES_AGGRESSIVE;
				CLANG_CXX_LANGUAGE_STANDARD = "gnu++20";
				CLANG_ENABLE_MODULES = YES;
				CLANG_ENABLE_OBJC_ARC = YES;
				CLANG_ENABLE_OBJC_WEAK = YES;
				CLANG_WARN_BLOCK_CAPTURE_AUTORELEASING = YES;
				CLANG_WARN_BOOL_CONVERSION = YES;
				CLANG_WARN_COMMA = YES;
				CLANG_WARN_CONSTANT_CONVERSION = YES;
				CLANG_WARN_DEPRECATED_OBJC_IMPLEMENTATIONS = YES;
				CLANG_WARN_DIRECT_OBJC_ISA_USAGE = YES_ERROR;
				CLANG_WARN_DOCUMENTATION_COMMENTS = YES;
				CLANG_WARN_EMPTY_BODY = YES;
				CLANG_WARN_ENUM_CONVERSION = YES;
				CLANG_WARN_INFINITE_RECURSION = YES;
				CLANG_WARN_INT_CONVERSION = YES;
				CLANG_WARN_NON_LITERAL_NULL_CONVERSION = YES;
				CLANG_WARN_OBJC_IMPLICIT_RETAIN_SELF = YES;
				CLANG_WARN_OBJC_LITERAL_CONVERSION = YES;
				CLANG_WARN_OBJC_ROOT_CLASS = YES_ERROR;
				CLANG_WARN_QUOTED_INCLUDE_IN_FRAMEWORK_HEADER = YES;
				CLANG_WARN_RANGE_LOOP_ANALYSIS = YES;
				CLANG_WARN_STRICT_PROTOTYPES = YES;
				CLANG_WARN_SUSPICIOUS_MOVE = YES;
				CLANG_WARN_UNGUARDED_AVAILABILITY = YES_AGGRESSIVE;
				CLANG_WARN_UNREACHABLE_CODE = YES;
				CLANG_WARN__DUPLICATE_METHOD_MATCH = YES;
				COPY_PHASE_STRIP = NO;
				DEBUG_INFORMATION_FORMAT = "dwarf-with-dsym";
				ENABLE_NS_ASSERTIONS = NO;
				ENABLE_STRICT_OBJC_MSGSEND = YES;
				GCC_C_LANGUAGE_STANDARD = gnu11;
				GCC_NO_COMMON_BLOCKS = YES;
				GCC_WARN_64_TO_32_BIT_CONVERSION = YES;
				GCC_WARN_ABOUT_RETURN_TYPE = YES_ERROR;
				GCC_WARN_UNDECLARED_SELECTOR = YES;
				GCC_WARN_UNINITIALIZED_AUTOS = YES_AGGRESSIVE;
				GCC_WARN_UNUSED_FUNCTION = YES;
				GCC_WARN_UNUSED_VARIABLE = YES;
				IPHONEOS_DEPLOYMENT_TARGET = 15.0;
				MTL_ENABLE_DEBUG_INFO = NO;
				MTL_FAST_MATH = YES;
				SDKROOT = iphoneos;
				SWIFT_COMPILATION_MODE = wholemodule;
				SWIFT_OPTIMIZATION_LEVEL = "-O";
				VALIDATE_PRODUCT = YES;
			};
			name = Release;
		};
		3FF271E52AA597E8000A26F5 /* Debug */ = {
			isa = XCBuildConfiguration;
			buildSettings = {
				ASSETCATALOG_COMPILER_APPICON_NAME = AppIcon;
				ASSETCATALOG_COMPILER_GLOBAL_ACCENT_COLOR_NAME = AccentColor;
				CODE_SIGN_STYLE = Automatic;
				CURRENT_PROJECT_VERSION = 1;
				DEVELOPMENT_TEAM = KD3GVSQ9P4;
				GENERATE_INFOPLIST_FILE = YES;
				INFOPLIST_FILE = Youfilx/Info.plist;
				INFOPLIST_KEY_UIApplicationSupportsIndirectInputEvents = YES;
				INFOPLIST_KEY_UILaunchStoryboardName = LaunchScreen;
				INFOPLIST_KEY_UISupportedInterfaceOrientations_iPad = "UIInterfaceOrientationPortrait UIInterfaceOrientationPortraitUpsideDown UIInterfaceOrientationLandscapeLeft UIInterfaceOrientationLandscapeRight";
				INFOPLIST_KEY_UISupportedInterfaceOrientations_iPhone = "UIInterfaceOrientationPortrait UIInterfaceOrientationLandscapeLeft UIInterfaceOrientationLandscapeRight";
				LD_RUNPATH_SEARCH_PATHS = (
					"$(inherited)",
					"@executable_path/Frameworks",
				);
				MARKETING_VERSION = 1.0;
				PRODUCT_BUNDLE_IDENTIFIER = com.iOS.Youfilx;
				PRODUCT_NAME = "$(TARGET_NAME)";
				SWIFT_EMIT_LOC_STRINGS = YES;
				SWIFT_VERSION = 5.0;
				TARGETED_DEVICE_FAMILY = "1,2";
			};
			name = Debug;
		};
		3FF271E62AA597E8000A26F5 /* Release */ = {
			isa = XCBuildConfiguration;
			buildSettings = {
				ASSETCATALOG_COMPILER_APPICON_NAME = AppIcon;
				ASSETCATALOG_COMPILER_GLOBAL_ACCENT_COLOR_NAME = AccentColor;
				CODE_SIGN_STYLE = Automatic;
				CURRENT_PROJECT_VERSION = 1;
				DEVELOPMENT_TEAM = KD3GVSQ9P4;
				GENERATE_INFOPLIST_FILE = YES;
				INFOPLIST_FILE = Youfilx/Info.plist;
				INFOPLIST_KEY_UIApplicationSupportsIndirectInputEvents = YES;
				INFOPLIST_KEY_UILaunchStoryboardName = LaunchScreen;
				INFOPLIST_KEY_UISupportedInterfaceOrientations_iPad = "UIInterfaceOrientationPortrait UIInterfaceOrientationPortraitUpsideDown UIInterfaceOrientationLandscapeLeft UIInterfaceOrientationLandscapeRight";
				INFOPLIST_KEY_UISupportedInterfaceOrientations_iPhone = "UIInterfaceOrientationPortrait UIInterfaceOrientationLandscapeLeft UIInterfaceOrientationLandscapeRight";
				LD_RUNPATH_SEARCH_PATHS = (
					"$(inherited)",
					"@executable_path/Frameworks",
				);
				MARKETING_VERSION = 1.0;
				PRODUCT_BUNDLE_IDENTIFIER = com.iOS.Youfilx;
				PRODUCT_NAME = "$(TARGET_NAME)";
				SWIFT_EMIT_LOC_STRINGS = YES;
				SWIFT_VERSION = 5.0;
				TARGETED_DEVICE_FAMILY = "1,2";
			};
			name = Release;
		};
/* End XCBuildConfiguration section */

/* Begin XCConfigurationList section */
		3FF271CB2AA597E7000A26F5 /* Build configuration list for PBXProject "Youfilx" */ = {
			isa = XCConfigurationList;
			buildConfigurations = (
				3FF271E22AA597E8000A26F5 /* Debug */,
				3FF271E32AA597E8000A26F5 /* Release */,
			);
			defaultConfigurationIsVisible = 0;
			defaultConfigurationName = Release;
		};
		3FF271E42AA597E8000A26F5 /* Build configuration list for PBXNativeTarget "Youfilx" */ = {
			isa = XCConfigurationList;
			buildConfigurations = (
				3FF271E52AA597E8000A26F5 /* Debug */,
				3FF271E62AA597E8000A26F5 /* Release */,
			);
			defaultConfigurationIsVisible = 0;
			defaultConfigurationName = Release;
		};
/* End XCConfigurationList section */

/* Begin XCRemoteSwiftPackageReference section */
		3FF272042AA5C683000A26F5 /* XCRemoteSwiftPackageReference "YouTubePlayerKit" */ = {
			isa = XCRemoteSwiftPackageReference;
			repositoryURL = "https://github.com/SvenTiigi/YouTubePlayerKit.git";
			requirement = {
				kind = upToNextMajorVersion;
				minimumVersion = 1.0.0;
			};
		};
		3FF2720C2AA6C0AC000A26F5 /* XCRemoteSwiftPackageReference "Alamofire" */ = {
			isa = XCRemoteSwiftPackageReference;
			repositoryURL = "https://github.com/Alamofire/Alamofire.git";
			requirement = {
				kind = upToNextMajorVersion;
				minimumVersion = 5.0.0;
			};
		};
/* End XCRemoteSwiftPackageReference section */

/* Begin XCSwiftPackageProductDependency section */
		3FF272052AA5C683000A26F5 /* YouTubePlayerKit */ = {
			isa = XCSwiftPackageProductDependency;
			package = 3FF272042AA5C683000A26F5 /* XCRemoteSwiftPackageReference "YouTubePlayerKit" */;
			productName = YouTubePlayerKit;
		};
		3FF2720D2AA6C0AC000A26F5 /* Alamofire */ = {
			isa = XCSwiftPackageProductDependency;
			package = 3FF2720C2AA6C0AC000A26F5 /* XCRemoteSwiftPackageReference "Alamofire" */;
			productName = Alamofire;
		};
/* End XCSwiftPackageProductDependency section */
	};
	rootObject = 3FF271C82AA597E7000A26F5 /* Project object */;
}
